<?xml version="1.0" encoding="utf-8"?>
<Project ToolsVersion="4.0" xmlns="http://schemas.microsoft.com/developer/msbuild/2003">
  <ItemGroup>
    <Filter Include="Chacha20">
      <UniqueIdentifier>{ac2bf450-aa58-4343-b77c-e20a1a14b5cc}</UniqueIdentifier>
    </Filter>
    <Filter Include="curve25519">
      <UniqueIdentifier>{e8a11f1d-4bf1-4392-ad99-cb575d1fbee0}</UniqueIdentifier>
    </Filter>
    <Filter Include="ed25519-donna">
      <UniqueIdentifier>{e1e91d80-3db9-4a0f-8d64-3e4d030f5e20}</UniqueIdentifier>
    </Filter>
    <Filter Include="poly1305-opt-master">
      <UniqueIdentifier>{4c91cb08-60f8-46cf-b5e5-e5da42e834f9}</UniqueIdentifier>
    </Filter>
    <Filter Include="rfc6234-master">
      <UniqueIdentifier>{09b5160b-b061-404f-ab21-6e833743021f}</UniqueIdentifier>
    </Filter>
    <Filter Include="srp">
      <UniqueIdentifier>{634ecdf0-29a0-4d2d-895f-13a7e8213aa1}</UniqueIdentifier>
    </Filter>
    <Filter Include="Headers">
      <UniqueIdentifier>{c786bc1d-f0f0-403b-9b4d-f18322333ae6}</UniqueIdentifier>
    </Filter>
    <Filter Include="Sources">
      <UniqueIdentifier>{bac6691e-1be3-4249-bea3-47b561c1469a}</UniqueIdentifier>
    </Filter>
    <Filter Include="Headers\net">
      <UniqueIdentifier>{f5e36500-052c-4344-9204-ba5cee3420e3}</UniqueIdentifier>
    </Filter>
    <Filter Include="Sources\net">
      <UniqueIdentifier>{a2d61076-a0d4-48f1-933a-943677a5a98f}</UniqueIdentifier>
    </Filter>
  </ItemGroup>
  <ItemGroup>
    <ClCompile Include="Chacha20\chacha20_simple.c">
      <Filter>Chacha20</Filter>
    </ClCompile>
    <ClCompile Include="curve25519\curve25519-donna.c">
      <Filter>curve25519</Filter>
    </ClCompile>
    <ClCompile Include="ed25519-donna\ed25519.c">
      <Filter>ed25519-donna</Filter>
    </ClCompile>
    <ClCompile Include="poly1305-opt-master\poly1305.c">
      <Filter>poly1305-opt-master</Filter>
    </ClCompile>
    <ClCompile Include="rfc6234-master\hkdf.c">
      <Filter>rfc6234-master</Filter>
    </ClCompile>
    <ClCompile Include="rfc6234-master\hmac.c">
      <Filter>rfc6234-master</Filter>
    </ClCompile>
    <ClCompile Include="rfc6234-master\sha.c">
      <Filter>rfc6234-master</Filter>
    </ClCompile>
    <ClCompile Include="srp\cstr.c">
      <Filter>srp</Filter>
    </ClCompile>
    <ClCompile Include="srp\srp.c">
      <Filter>srp</Filter>
    </ClCompile>
    <ClCompile Include="srp\srp6_server.c">
      <Filter>srp</Filter>
    </ClCompile>
    <ClCompile Include="srp\t_conf.c">
      <Filter>srp</Filter>
    </ClCompile>
    <ClCompile Include="srp\t_conv.c">
      <Filter>srp</Filter>
    </ClCompile>
    <ClCompile Include="srp\t_math.c">
      <Filter>srp</Filter>
    </ClCompile>
    <ClCompile Include="srp\t_misc.c">
      <Filter>srp</Filter>
    </ClCompile>
    <ClCompile Include="srp\t_pw.c">
      <Filter>srp</Filter>
    </ClCompile>
    <ClCompile Include="srp\t_read.c">
      <Filter>srp</Filter>
    </ClCompile>
    <ClCompile Include="srp\t_truerand.c">
      <Filter>srp</Filter>
    </ClCompile>
    <ClCompile Include="PHKAccessory.cpp" />
    <ClCompile Include="PHKControllerRecord.cpp" />
    <ClCompile Include="PHKNetworkIP.cpp" />
    <ClCompile Include="net\ConnectionInfo.cpp">
      <Filter>Sources\net</Filter>
    </ClCompile>
    <ClCompile Include="net\MessageDataRecord.cpp">
      <Filter>Sources\net</Filter>
    </ClCompile>
    <ClCompile Include="net\Message.cpp">
      <Filter>Sources\net</Filter>
    </ClCompile>
    <ClCompile Include="net\MessageData.cpp">
      <Filter>Sources\net</Filter>
    </ClCompile>
    <ClCompile Include="net\Response.cpp">
      <Filter>Sources\net</Filter>
    </ClCompile>
    <ClCompile Include="KeyController.cpp">
      <Filter>Sources</Filter>
    </ClCompile>
    <ClCompile Include="net\HAPService.cpp">
      <Filter>Sources\net</Filter>
    </ClCompile>
    <ClCompile Include="Helpers.cpp">
      <Filter>Sources</Filter>
    </ClCompile>
    <ClCompile Include="Characteristics.cpp">
      <Filter>Sources</Filter>
    </ClCompile>
    <ClCompile Include="Accessory.cpp">
      <Filter>Sources</Filter>
    </ClCompile>
    <ClCompile Include="Service.cpp">
      <Filter>Sources</Filter>
    </ClCompile>
    <ClCompile Include="AccessorySet.cpp">
      <Filter>Sources</Filter>
    </ClCompile>
  </ItemGroup>
  <ItemGroup>
    <ClInclude Include="Chacha20\chacha20_simple.h">
      <Filter>Chacha20</Filter>
    </ClInclude>
    <ClInclude Include="curve25519\curve25519-donna.h">
      <Filter>curve25519</Filter>
    </ClInclude>
    <ClInclude Include="ed25519-donna\curve25519-donna-32bit.h">
      <Filter>ed25519-donna</Filter>
    </ClInclude>
    <ClInclude Include="ed25519-donna\curve25519-donna-helpers.h">
      <Filter>ed25519-donna</Filter>
    </ClInclude>
    <ClInclude Include="ed25519-donna\ed25519.h">
      <Filter>ed25519-donna</Filter>
    </ClInclude>
    <ClInclude Include="ed25519-donna\ed25519-donna.h">
      <Filter>ed25519-donna</Filter>
    </ClInclude>
    <ClInclude Include="ed25519-donna\ed25519-donna-32bit-tables.h">
      <Filter>ed25519-donna</Filter>
    </ClInclude>
    <ClInclude Include="ed25519-donna\ed25519-donna-basepoint-table.h">
      <Filter>ed25519-donna</Filter>
    </ClInclude>
    <ClInclude Include="ed25519-donna\ed25519-donna-batchverify.h">
      <Filter>ed25519-donna</Filter>
    </ClInclude>
    <ClInclude Include="ed25519-donna\ed25519-donna-impl-base.h">
      <Filter>ed25519-donna</Filter>
    </ClInclude>
    <ClInclude Include="ed25519-donna\ed25519-donna-portable.h">
      <Filter>ed25519-donna</Filter>
    </ClInclude>
    <ClInclude Include="ed25519-donna\ed25519-donna-portable-identify.h">
      <Filter>ed25519-donna</Filter>
    </ClInclude>
    <ClInclude Include="ed25519-donna\ed25519-hash.h">
      <Filter>ed25519-donna</Filter>
    </ClInclude>
    <ClInclude Include="ed25519-donna\ed25519-randombytes.h">
      <Filter>ed25519-donna</Filter>
    </ClInclude>
    <ClInclude Include="ed25519-donna\modm-donna-32bit.h">
      <Filter>ed25519-donna</Filter>
    </ClInclude>
    <ClInclude Include="poly1305-opt-master\poly1305.h">
      <Filter>poly1305-opt-master</Filter>
    </ClInclude>
    <ClInclude Include="rfc6234-master\hkdf.h">
      <Filter>rfc6234-master</Filter>
    </ClInclude>
    <ClInclude Include="rfc6234-master\sha.h">
      <Filter>rfc6234-master</Filter>
    </ClInclude>
    <ClInclude Include="srp\acconfig.h">
      <Filter>srp</Filter>
    </ClInclude>
    <ClInclude Include="srp\config.h">
      <Filter>srp</Filter>
    </ClInclude>
    <ClInclude Include="srp\cstr.h">
      <Filter>srp</Filter>
    </ClInclude>
    <ClInclude Include="srp\endXXent.h">
      <Filter>srp</Filter>
    </ClInclude>
    <ClInclude Include="srp\getXXbyYY.h">
      <Filter>srp</Filter>
    </ClInclude>
    <ClInclude Include="srp\getXXent.h">
      <Filter>srp</Filter>
    </ClInclude>
    <ClInclude Include="srp\nss_defs.h">
      <Filter>srp</Filter>
    </ClInclude>
    <ClInclude Include="srp\nsswitch.h">
      <Filter>srp</Filter>
    </ClInclude>
    <ClInclude Include="srp\NTconfig.h">
      <Filter>srp</Filter>
    </ClInclude>
    <ClInclude Include="srp\nys_config.h">
      <Filter>srp</Filter>
    </ClInclude>
    <ClInclude Include="srp\setXXent.h">
      <Filter>srp</Filter>
    </ClInclude>
    <ClInclude Include="srp\srp.h">
      <Filter>srp</Filter>
    </ClInclude>
    <ClInclude Include="srp\srp_aux.h">
      <Filter>srp</Filter>
    </ClInclude>
    <ClInclude Include="srp\t_client.h">
      <Filter>srp</Filter>
    </ClInclude>
    <ClInclude Include="srp\t_defines.h">
      <Filter>srp</Filter>
    </ClInclude>
    <ClInclude Include="srp\t_pwd.h">
      <Filter>srp</Filter>
    </ClInclude>
    <ClInclude Include="srp\t_read.h">
      <Filter>srp</Filter>
    </ClInclude>
    <ClInclude Include="srp\t_server.h">
      <Filter>srp</Filter>
    </ClInclude>
    <ClInclude Include="srp\t_sha.h">
      <Filter>srp</Filter>
    </ClInclude>
    <ClInclude Include="srp\yp_misc.h">
      <Filter>srp</Filter>
    </ClInclude>
    <ClInclude Include="Configuration.h" />
    <ClInclude Include="PHKAccessory.h" />
    <ClInclude Include="PHKControllerRecord.h" />
    <ClInclude Include="PHKNetworkIP.h" />
    <ClInclude Include="hapDefines.h" />
    <ClInclude Include="Characteristics.h">
      <Filter>Headers</Filter>
    </ClInclude>
    <ClInclude Include="CharType.h">
      <Filter>Headers</Filter>
    </ClInclude>
    <ClInclude Include="Permission.h">
      <Filter>Headers</Filter>
    </ClInclude>
    <ClInclude Include="Unit.h">
      <Filter>Headers</Filter>
    </ClInclude>
    <ClInclude Include="BoolCharacteristics.h">
      <Filter>Headers</Filter>
    </ClInclude>
    <ClInclude Include="net\ConnectionInfo.h">
      <Filter>Headers\net</Filter>
    </ClInclude>
    <ClInclude Include="net\MessageDataRecord.h">
      <Filter>Headers\net</Filter>
    </ClInclude>
    <ClInclude Include="net\PairStates.h">
      <Filter>Headers\net</Filter>
    </ClInclude>
    <ClInclude Include="net\Message.h">
      <Filter>Headers\net</Filter>
    </ClInclude>
    <ClInclude Include="net\MessageData.h">
      <Filter>Headers\net</Filter>
    </ClInclude>
    <ClInclude Include="net\Response.h">
      <Filter>Headers\net</Filter>
    </ClInclude>
    <ClInclude Include="KeyController.h">
      <Filter>Headers</Filter>
    </ClInclude>
    <ClInclude Include="net\HAPService.h">
      <Filter>Headers\net</Filter>
    </ClInclude>
    <ClInclude Include="Helpers.h">
      <Filter>Headers</Filter>
    </ClInclude>
    <ClInclude Include="IntCharacteristics.h">
      <Filter>Headers</Filter>
    </ClInclude>
    <ClInclude Include="FloatCharacteristics.h">
      <Filter>Headers</Filter>
    </ClInclude>
    <ClInclude Include="StringCharacteristics.h">
      <Filter>Headers</Filter>
    </ClInclude>
    <ClInclude Include="Accessory.h">
      <Filter>Headers</Filter>
    </ClInclude>
    <ClInclude Include="Service.h">
      <Filter>Headers</Filter>
    </ClInclude>
    <ClInclude Include="AccessorySet.h">
      <Filter>Headers</Filter>
    </ClInclude>
    <ClInclude Include="DeviceType.h">
      <Filter>Headers</Filter>
    </ClInclude>
    <ClInclude Include="libHAP.h" />
  </ItemGroup>
  <ItemGroup>
    <None Include="License" />
    <None Include="README.md" />
  </ItemGroup>
  <ItemGroup>
    <Text Include="SerivceList.txt" />
  </ItemGroup>
  <ItemGroup>
    <CustomBuild Include="makefile" />
  </ItemGroup>
</Project>